<?xml version="1.0" encoding="utf-8"?>
<Project ToolsVersion="4.0" xmlns="http://schemas.microsoft.com/developer/msbuild/2003">
  <ItemGroup>
    <Filter Include="AStarPathfinding">
      <UniqueIdentifier>{EC59AB20-D852-CA72-0185-AFF7EDDCA97E}</UniqueIdentifier>
    </Filter>
    <Filter Include="FallingSand">
      <UniqueIdentifier>{683BBB55-D4F0-334B-5DE5-2D22C9992A4F}</UniqueIdentifier>
    </Filter>
  </ItemGroup>
  <ItemGroup>
    <ClInclude Include="src\AStarPathfinding\Maze.h">
      <Filter>AStarPathfinding</Filter>
    </ClInclude>
    <ClInclude Include="src\AStarPathfinding\Pathfinding.h">
      <Filter>AStarPathfinding</Filter>
    </ClInclude>
    <ClInclude Include="src\AStarPathfinding\Pathfinding2D.h">
      <Filter>AStarPathfinding</Filter>
    </ClInclude>
    <ClInclude Include="src\FallingSand\Entities.h">
      <Filter>FallingSand</Filter>
    </ClInclude>
    <ClInclude Include="src\FallingSand\FallingSand.h">
      <Filter>FallingSand</Filter>
    </ClInclude>
    <ClInclude Include="src\FallingSand\TileMap.h">
      <Filter>FallingSand</Filter>
    </ClInclude>
  </ItemGroup>
  <ItemGroup>
    <ClCompile Include="src\AStarPathfinding\Maze.cpp">
      <Filter>AStarPathfinding</Filter>
    </ClCompile>
    <ClCompile Include="src\AStarPathfinding\Pathfinding.cpp">
      <Filter>AStarPathfinding</Filter>
    </ClCompile>
    <ClCompile Include="src\AStarPathfinding\Pathfinding2D.cpp">
      <Filter>AStarPathfinding</Filter>
    </ClCompile>
    <ClCompile Include="src\FallingSand\Entities.cpp">
      <Filter>FallingSand</Filter>
    </ClCompile>
    <ClCompile Include="src\FallingSand\FallingSand.cpp">
      <Filter>FallingSand</Filter>
    </ClCompile>
    <ClCompile Include="src\FallingSand\TileMap.cpp">
      <Filter>FallingSand</Filter>
    </ClCompile>
  </ItemGroup>
</Project>