
Microsoft Visual Studio Solution File, Format Version 12.00
# Visual Studio Version 16
VisualStudioVersion = 16.0.30114.105
MinimumVisualStudioVersion = 10.0.40219.1
Project("{8BC9CEB8-8B4A-11D0-8D11-00A0C91BC942}") = "Sandbox", "Sandbox\Sandbox.vcxproj", "{F7804CCC-BAB8-4D93-8112-38F7AA41F3FB}"
	ProjectSection(ProjectDependencies) = postProject
		{4F2D8147-C153-4A0C-BFDD-8011A4C5A8AD} = {4F2D8147-C153-4A0C-BFDD-8011A4C5A8AD}
		{EAA9846B-484B-4D46-AAEA-9BDF61C31D24} = {EAA9846B-484B-4D46-AAEA-9BDF61C31D24}
		{EFA74185-DFDE-4EF3-ABAC-2EA07FAD41FE} = {EFA74185-DFDE-4EF3-ABAC-2EA07FAD41FE}
	EndProjectSection
EndProject
Project("{8BC9CEB8-8B4A-11D0-8D11-00A0C91BC942}") = "KablunkEngine", "KablunkEngine\KablunkEngine.vcxproj", "{EAA9846B-484B-4D46-AAEA-9BDF61C31D24}"
	ProjectSection(ProjectDependencies) = postProject
		{4F2D8147-C153-4A0C-BFDD-8011A4C5A8AD} = {4F2D8147-C153-4A0C-BFDD-8011A4C5A8AD}
		{EFA74185-DFDE-4EF3-ABAC-2EA07FAD41FE} = {EFA74185-DFDE-4EF3-ABAC-2EA07FAD41FE}
	EndProjectSection
EndProject
Project("{8BC9CEB8-8B4A-11D0-8D11-00A0C91BC942}") = "GLAD", "GLAD\GLAD.vcxproj", "{4F2D8147-C153-4A0C-BFDD-8011A4C5A8AD}"
EndProject
Project("{8BC9CEB8-8B4A-11D0-8D11-00A0C91BC942}") = "Imgui", "Imgui\Imgui.vcxproj", "{EFA74185-DFDE-4EF3-ABAC-2EA07FAD41FE}"
EndProject
Project("{8BC9CEB8-8B4A-11D0-8D11-00A0C91BC942}") = "KablunkEditor", "KablunkEditor\KablunkEditor.vcxproj", "{D9C013CC-D8FB-41C3-8C05-F2D804F60D31}"
	ProjectSection(ProjectDependencies) = postProject
		{4F2D8147-C153-4A0C-BFDD-8011A4C5A8AD} = {4F2D8147-C153-4A0C-BFDD-8011A4C5A8AD}
		{EAA9846B-484B-4D46-AAEA-9BDF61C31D24} = {EAA9846B-484B-4D46-AAEA-9BDF61C31D24}
		{EFA74185-DFDE-4EF3-ABAC-2EA07FAD41FE} = {EFA74185-DFDE-4EF3-ABAC-2EA07FAD41FE}
	EndProjectSection
EndProject
Global
	GlobalSection(SolutionConfigurationPlatforms) = preSolution
		Debug|x64 = Debug|x64
		Debug|x86 = Debug|x86
		Release|x64 = Release|x64
		Release|x86 = Release|x86
	EndGlobalSection
	GlobalSection(ProjectConfigurationPlatforms) = postSolution
		{F7804CCC-BAB8-4D93-8112-38F7AA41F3FB}.Debug|x64.ActiveCfg = Debug|x64
		{F7804CCC-BAB8-4D93-8112-38F7AA41F3FB}.Debug|x64.Build.0 = Debug|x64
		{F7804CCC-BAB8-4D93-8112-38F7AA41F3FB}.Debug|x86.ActiveCfg = Debug|Win32
		{F7804CCC-BAB8-4D93-8112-38F7AA41F3FB}.Debug|x86.Build.0 = Debug|Win32
		{F7804CCC-BAB8-4D93-8112-38F7AA41F3FB}.Release|x64.ActiveCfg = Release|x64
		{F7804CCC-BAB8-4D93-8112-38F7AA41F3FB}.Release|x64.Build.0 = Release|x64
		{F7804CCC-BAB8-4D93-8112-38F7AA41F3FB}.Release|x86.ActiveCfg = Release|Win32
		{F7804CCC-BAB8-4D93-8112-38F7AA41F3FB}.Release|x86.Build.0 = Release|Win32
		{EAA9846B-484B-4D46-AAEA-9BDF61C31D24}.Debug|x64.ActiveCfg = Debug|x64
		{EAA9846B-484B-4D46-AAEA-9BDF61C31D24}.Debug|x64.Build.0 = Debug|x64
		{EAA9846B-484B-4D46-AAEA-9BDF61C31D24}.Debug|x86.ActiveCfg = Debug|x64
		{EAA9846B-484B-4D46-AAEA-9BDF61C31D24}.Release|x64.ActiveCfg = Release|x64
		{EAA9846B-484B-4D46-AAEA-9BDF61C31D24}.Release|x64.Build.0 = Release|x64
		{EAA9846B-484B-4D46-AAEA-9BDF61C31D24}.Release|x86.ActiveCfg = Release|x64
		{4F2D8147-C153-4A0C-BFDD-8011A4C5A8AD}.Debug|x64.ActiveCfg = Debug|x64
		{4F2D8147-C153-4A0C-BFDD-8011A4C5A8AD}.Debug|x64.Build.0 = Debug|x64
		{4F2D8147-C153-4A0C-BFDD-8011A4C5A8AD}.Debug|x86.ActiveCfg = Debug|Win32
		{4F2D8147-C153-4A0C-BFDD-8011A4C5A8AD}.Debug|x86.Build.0 = Debug|Win32
		{4F2D8147-C153-4A0C-BFDD-8011A4C5A8AD}.Release|x64.ActiveCfg = Release|x64
		{4F2D8147-C153-4A0C-BFDD-8011A4C5A8AD}.Release|x64.Build.0 = Release|x64
		{4F2D8147-C153-4A0C-BFDD-8011A4C5A8AD}.Release|x86.ActiveCfg = Release|Win32
		{4F2D8147-C153-4A0C-BFDD-8011A4C5A8AD}.Release|x86.Build.0 = Release|Win32
		{EFA74185-DFDE-4EF3-ABAC-2EA07FAD41FE}.Debug|x64.ActiveCfg = Debug|x64
		{EFA74185-DFDE-4EF3-ABAC-2EA07FAD41FE}.Debug|x64.Build.0 = Debug|x64
		{EFA74185-DFDE-4EF3-ABAC-2EA07FAD41FE}.Debug|x86.ActiveCfg = Debug|Win32
		{EFA74185-DFDE-4EF3-ABAC-2EA07FAD41FE}.Debug|x86.Build.0 = Debug|Win32
		{EFA74185-DFDE-4EF3-ABAC-2EA07FAD41FE}.Release|x64.ActiveCfg = Release|x64
		{EFA74185-DFDE-4EF3-ABAC-2EA07FAD41FE}.Release|x64.Build.0 = Release|x64
		{EFA74185-DFDE-4EF3-ABAC-2EA07FAD41FE}.Release|x86.ActiveCfg = Release|Win32
		{EFA74185-DFDE-4EF3-ABAC-2EA07FAD41FE}.Release|x86.Build.0 = Release|Win32
		{D9C013CC-D8FB-41C3-8C05-F2D804F60D31}.Debug|x64.ActiveCfg = Debug|x64
		{D9C013CC-D8FB-41C3-8C05-F2D804F60D31}.Debug|x64.Build.0 = Debug|x64
		{D9C013CC-D8FB-41C3-8C05-F2D804F60D31}.Debug|x86.ActiveCfg = Debug|Win32
		{D9C013CC-D8FB-41C3-8C05-F2D804F60D31}.Debug|x86.Build.0 = Debug|Win32
		{D9C013CC-D8FB-41C3-8C05-F2D804F60D31}.Release|x64.ActiveCfg = Release|x64
		{D9C013CC-D8FB-41C3-8C05-F2D804F60D31}.Release|x64.Build.0 = Release|x64
		{D9C013CC-D8FB-41C3-8C05-F2D804F60D31}.Release|x86.ActiveCfg = Release|Win32
		{D9C013CC-D8FB-41C3-8C05-F2D804F60D31}.Release|x86.Build.0 = Release|Win32
	EndGlobalSection
	GlobalSection(SolutionProperties) = preSolution
		HideSolutionNode = FALSE
	EndGlobalSection
	GlobalSection(ExtensibilityGlobals) = postSolution
		SolutionGuid = {56F6725F-332A-4A62-9BDC-E8CC85D924BC}
	EndGlobalSection
EndGlobal
