
Microsoft Visual Studio Solution File, Format Version 12.00
# Visual Studio Version 16
Project("{2150E333-8FDC-42A3-9474-1A3956D46DE8}") = "Solution Items", "Solution Items", "{1CACE81B-0867-D8C7-B11E-51129DB82258}"
	ProjectSection(SolutionItems) = preProject
		.editorconfig = .editorconfig
	EndProjectSection
EndProject
Project("{8BC9CEB8-8B4A-11D0-8D11-00A0C91BC942}") = "KablunkEditor", "KablunkEditor\KablunkEditor.vcxproj", "{14B5FD91-8075-79C8-49B0-C245B52FBEA4}"
EndProject
Project("{2150E333-8FDC-42A3-9474-1A3956D46DE8}") = "Dependencies", "Dependencies", "{53E47842-3FC8-3998-A828-34EB942B241A}"
EndProject
Project("{8BC9CEB8-8B4A-11D0-8D11-00A0C91BC942}") = "GLFW", "KablunkEngine\vendor\GLFW\GLFW.vcxproj", "{154B857C-0182-860D-AA6E-6C109684020F}"
EndProject
Project("{8BC9CEB8-8B4A-11D0-8D11-00A0C91BC942}") = "Glad", "KablunkEngine\vendor\Glad\Glad.vcxproj", "{BDD6857C-A90D-870D-52FA-6C103E10030F}"
EndProject
Project("{8BC9CEB8-8B4A-11D0-8D11-00A0C91BC942}") = "ImGui", "KablunkEngine\vendor\ImGui\ImGui.vcxproj", "{C0FF640D-2C14-8DBE-F595-301E616989EF}"
EndProject
Project("{8BC9CEB8-8B4A-11D0-8D11-00A0C91BC942}") = "Premake", "vendor\premake\Premake.vcxproj", "{6ACC3F23-D6AB-BEBE-DFC3-49954B222520}"
EndProject
Project("{8BC9CEB8-8B4A-11D0-8D11-00A0C91BC942}") = "KablunkEngine", "KablunkEngine\KablunkEngine.vcxproj", "{6362B192-CF22-2DC9-985D-764604DD71A5}"
EndProject
Project("{8BC9CEB8-8B4A-11D0-8D11-00A0C91BC942}") = "Sandbox", "Sandbox\Sandbox.vcxproj", "{F4C124E3-60A1-A37E-69B9-2E55D5170AE0}"
EndProject
Global
	GlobalSection(SolutionConfigurationPlatforms) = preSolution
		Debug|x64 = Debug|x64
		Distribution|x64 = Distribution|x64
		Release|x64 = Release|x64
	EndGlobalSection
	GlobalSection(ProjectConfigurationPlatforms) = postSolution
		{14B5FD91-8075-79C8-49B0-C245B52FBEA4}.Debug|x64.ActiveCfg = Debug|x64
		{14B5FD91-8075-79C8-49B0-C245B52FBEA4}.Debug|x64.Build.0 = Debug|x64
		{14B5FD91-8075-79C8-49B0-C245B52FBEA4}.Distribution|x64.ActiveCfg = Distribution|x64
		{14B5FD91-8075-79C8-49B0-C245B52FBEA4}.Distribution|x64.Build.0 = Distribution|x64
		{14B5FD91-8075-79C8-49B0-C245B52FBEA4}.Release|x64.ActiveCfg = Release|x64
		{14B5FD91-8075-79C8-49B0-C245B52FBEA4}.Release|x64.Build.0 = Release|x64
		{154B857C-0182-860D-AA6E-6C109684020F}.Debug|x64.ActiveCfg = Debug|x64
		{154B857C-0182-860D-AA6E-6C109684020F}.Debug|x64.Build.0 = Debug|x64
		{154B857C-0182-860D-AA6E-6C109684020F}.Distribution|x64.ActiveCfg = Distribution|x64
		{154B857C-0182-860D-AA6E-6C109684020F}.Distribution|x64.Build.0 = Distribution|x64
		{154B857C-0182-860D-AA6E-6C109684020F}.Release|x64.ActiveCfg = Release|x64
		{154B857C-0182-860D-AA6E-6C109684020F}.Release|x64.Build.0 = Release|x64
		{BDD6857C-A90D-870D-52FA-6C103E10030F}.Debug|x64.ActiveCfg = Debug|x64
		{BDD6857C-A90D-870D-52FA-6C103E10030F}.Debug|x64.Build.0 = Debug|x64
		{BDD6857C-A90D-870D-52FA-6C103E10030F}.Distribution|x64.ActiveCfg = Distribution|x64
		{BDD6857C-A90D-870D-52FA-6C103E10030F}.Distribution|x64.Build.0 = Distribution|x64
		{BDD6857C-A90D-870D-52FA-6C103E10030F}.Release|x64.ActiveCfg = Release|x64
		{BDD6857C-A90D-870D-52FA-6C103E10030F}.Release|x64.Build.0 = Release|x64
		{C0FF640D-2C14-8DBE-F595-301E616989EF}.Debug|x64.ActiveCfg = Debug|x64
		{C0FF640D-2C14-8DBE-F595-301E616989EF}.Debug|x64.Build.0 = Debug|x64
		{C0FF640D-2C14-8DBE-F595-301E616989EF}.Distribution|x64.ActiveCfg = Distribution|x64
		{C0FF640D-2C14-8DBE-F595-301E616989EF}.Distribution|x64.Build.0 = Distribution|x64
		{C0FF640D-2C14-8DBE-F595-301E616989EF}.Release|x64.ActiveCfg = Release|x64
		{C0FF640D-2C14-8DBE-F595-301E616989EF}.Release|x64.Build.0 = Release|x64
		{6ACC3F23-D6AB-BEBE-DFC3-49954B222520}.Debug|x64.ActiveCfg = Debug|x64
		{6ACC3F23-D6AB-BEBE-DFC3-49954B222520}.Debug|x64.Build.0 = Debug|x64
		{6ACC3F23-D6AB-BEBE-DFC3-49954B222520}.Distribution|x64.ActiveCfg = Distribution|x64
		{6ACC3F23-D6AB-BEBE-DFC3-49954B222520}.Distribution|x64.Build.0 = Distribution|x64
		{6ACC3F23-D6AB-BEBE-DFC3-49954B222520}.Release|x64.ActiveCfg = Release|x64
		{6ACC3F23-D6AB-BEBE-DFC3-49954B222520}.Release|x64.Build.0 = Release|x64
		{6362B192-CF22-2DC9-985D-764604DD71A5}.Debug|x64.ActiveCfg = Debug|x64
		{6362B192-CF22-2DC9-985D-764604DD71A5}.Debug|x64.Build.0 = Debug|x64
		{6362B192-CF22-2DC9-985D-764604DD71A5}.Distribution|x64.ActiveCfg = Distribution|x64
		{6362B192-CF22-2DC9-985D-764604DD71A5}.Distribution|x64.Build.0 = Distribution|x64
		{6362B192-CF22-2DC9-985D-764604DD71A5}.Release|x64.ActiveCfg = Release|x64
		{6362B192-CF22-2DC9-985D-764604DD71A5}.Release|x64.Build.0 = Release|x64
		{F4C124E3-60A1-A37E-69B9-2E55D5170AE0}.Debug|x64.ActiveCfg = Debug|x64
		{F4C124E3-60A1-A37E-69B9-2E55D5170AE0}.Debug|x64.Build.0 = Debug|x64
		{F4C124E3-60A1-A37E-69B9-2E55D5170AE0}.Distribution|x64.ActiveCfg = Distribution|x64
		{F4C124E3-60A1-A37E-69B9-2E55D5170AE0}.Distribution|x64.Build.0 = Distribution|x64
		{F4C124E3-60A1-A37E-69B9-2E55D5170AE0}.Release|x64.ActiveCfg = Release|x64
		{F4C124E3-60A1-A37E-69B9-2E55D5170AE0}.Release|x64.Build.0 = Release|x64
	EndGlobalSection
	GlobalSection(SolutionProperties) = preSolution
		HideSolutionNode = FALSE
	EndGlobalSection
	GlobalSection(NestedProjects) = preSolution
		{154B857C-0182-860D-AA6E-6C109684020F} = {53E47842-3FC8-3998-A828-34EB942B241A}
		{BDD6857C-A90D-870D-52FA-6C103E10030F} = {53E47842-3FC8-3998-A828-34EB942B241A}
		{C0FF640D-2C14-8DBE-F595-301E616989EF} = {53E47842-3FC8-3998-A828-34EB942B241A}
		{6ACC3F23-D6AB-BEBE-DFC3-49954B222520} = {53E47842-3FC8-3998-A828-34EB942B241A}
	EndGlobalSection
EndGlobal
