
Microsoft Visual Studio Solution File, Format Version 12.00
# Visual Studio Version 16
VisualStudioVersion = 16.0.30114.105
MinimumVisualStudioVersion = 10.0.40219.1
Project("{8BC9CEB8-8B4A-11D0-8D11-00A0C91BC942}") = "Sandbox", "Sandbox\Sandbox.vcxproj", "{F7804CCC-BAB8-4D93-8112-38F7AA41F3FB}"
EndProject
Project("{8BC9CEB8-8B4A-11D0-8D11-00A0C91BC942}") = "KablunkEngine-core", "KablunkEngine2020\KablunkEngine2020.vcxproj", "{EAA9846B-484B-4D46-AAEA-9BDF61C31D24}"
EndProject
Global
	GlobalSection(SolutionConfigurationPlatforms) = preSolution
		Debug|x64 = Debug|x64
		Release|x64 = Release|x64
	EndGlobalSection
	GlobalSection(ProjectConfigurationPlatforms) = postSolution
		{EAA9846B-484B-4D46-AAEA-9BDF61C31D24}.Debug|x64.ActiveCfg = Debug|x64
		{EAA9846B-484B-4D46-AAEA-9BDF61C31D24}.Debug|x64.Build.0 = Debug|x64
		{EAA9846B-484B-4D46-AAEA-9BDF61C31D24}.Release|x64.ActiveCfg = Release|x64
		{EAA9846B-484B-4D46-AAEA-9BDF61C31D24}.Release|x64.Build.0 = Release|x64
		{F7804CCC-BAB8-4D93-8112-38F7AA41F3FB}.Debug|x64.ActiveCfg = Debug|x64
		{F7804CCC-BAB8-4D93-8112-38F7AA41F3FB}.Debug|x64.Build.0 = Debug|x64
		{F7804CCC-BAB8-4D93-8112-38F7AA41F3FB}.Release|x64.ActiveCfg = Release|x64
		{F7804CCC-BAB8-4D93-8112-38F7AA41F3FB}.Release|x64.Build.0 = Release|x64
	EndGlobalSection
	GlobalSection(SolutionProperties) = preSolution
		HideSolutionNode = FALSE
	EndGlobalSection
	GlobalSection(ExtensibilityGlobals) = postSolution
		SolutionGuid = {56F6725F-332A-4A62-9BDC-E8CC85D924BC}
	EndGlobalSection
EndGlobal
