<?xml version="1.0" encoding="utf-8"?>
<Project ToolsVersion="4.0" xmlns="http://schemas.microsoft.com/developer/msbuild/2003">
  <ItemGroup>
    <Filter Include="Source Files">
      <UniqueIdentifier>{4FC737F1-C7A5-4376-A066-2A32D752A2FF}</UniqueIdentifier>
      <Extensions>cpp;c;cc;cxx;c++;def;odl;idl;hpj;bat;asm;asmx</Extensions>
    </Filter>
    <Filter Include="Resource Files">
      <UniqueIdentifier>{67DA6AB6-F800-4c08-8B7A-83BB121AAD01}</UniqueIdentifier>
      <Extensions>rc;ico;cur;bmp;dlg;rc2;rct;bin;rgs;gif;jpg;jpeg;jpe;resx;tiff;tif;png;wav;mfcribbon-ms</Extensions>
    </Filter>
    <Filter Include="Source Files\Platform">
      <UniqueIdentifier>{19df3ae7-2fb7-4828-a4e3-50a8e3a40656}</UniqueIdentifier>
    </Filter>
    <Filter Include="Source Files\Kablunk">
      <UniqueIdentifier>{0319f4f6-f4d0-4178-944d-e03a89720d47}</UniqueIdentifier>
    </Filter>
    <Filter Include="Source Files\Kablunk\Core">
      <UniqueIdentifier>{343224e3-4273-4d81-a308-0c51619bf778}</UniqueIdentifier>
    </Filter>
    <Filter Include="Source Files\Kablunk\Renderer">
      <UniqueIdentifier>{cb6406dd-12ea-4f7b-bc70-f70389fe43e5}</UniqueIdentifier>
    </Filter>
    <Filter Include="Source Files\Kablunk\Imgui">
      <UniqueIdentifier>{d6cedb3d-b4fd-4e3f-8dfc-4483eedbedd9}</UniqueIdentifier>
    </Filter>
    <Filter Include="Source Files\Kablunk\Events">
      <UniqueIdentifier>{feed9c43-7c57-4e2f-8c2c-84c5a593938b}</UniqueIdentifier>
    </Filter>
    <Filter Include="Source Files\Platform\Windows">
      <UniqueIdentifier>{d37a5f99-6366-453d-aaa5-ce3e0b4b4c83}</UniqueIdentifier>
    </Filter>
    <Filter Include="Source Files\Platform\OpenGL">
      <UniqueIdentifier>{c7e2ec34-3515-4e4a-9e7b-73e2ee4a618b}</UniqueIdentifier>
    </Filter>
    <Filter Include="vendor">
      <UniqueIdentifier>{1a44f799-0b49-4c5c-9ba1-7a0632c2543a}</UniqueIdentifier>
    </Filter>
    <Filter Include="vendor\stb_image">
      <UniqueIdentifier>{140ab378-1282-47eb-b652-e7cec5944931}</UniqueIdentifier>
    </Filter>
  </ItemGroup>
  <ItemGroup>
    <ClCompile Include="src\Platform\Windows\WindowsInput.cpp">
      <Filter>Source Files\Platform\Windows</Filter>
    </ClCompile>
    <ClCompile Include="src\Platform\Windows\WindowsWindow.cpp">
      <Filter>Source Files\Platform\Windows</Filter>
    </ClCompile>
    <ClCompile Include="src\Platform\OpenGL\OpenGLBuffer.cpp">
      <Filter>Source Files\Platform\OpenGL</Filter>
    </ClCompile>
    <ClCompile Include="src\Platform\OpenGL\OpenGLContext.cpp">
      <Filter>Source Files\Platform\OpenGL</Filter>
    </ClCompile>
    <ClCompile Include="src\Platform\OpenGL\OpenGLRendererAPI.cpp">
      <Filter>Source Files\Platform\OpenGL</Filter>
    </ClCompile>
    <ClCompile Include="src\Platform\OpenGL\OpenGLShader.cpp">
      <Filter>Source Files\Platform\OpenGL</Filter>
    </ClCompile>
    <ClCompile Include="src\Platform\OpenGL\OpenGLVertexArray.cpp">
      <Filter>Source Files\Platform\OpenGL</Filter>
    </ClCompile>
    <ClCompile Include="src\Kablunk\Renderer\Buffer.cpp">
      <Filter>Source Files\Kablunk\Renderer</Filter>
    </ClCompile>
    <ClCompile Include="src\Kablunk\Renderer\RenderCommand.cpp">
      <Filter>Source Files\Kablunk\Renderer</Filter>
    </ClCompile>
    <ClCompile Include="src\Kablunk\Renderer\Renderer.cpp">
      <Filter>Source Files\Kablunk\Renderer</Filter>
    </ClCompile>
    <ClCompile Include="src\Kablunk\Renderer\RendererAPI.cpp">
      <Filter>Source Files\Kablunk\Renderer</Filter>
    </ClCompile>
    <ClCompile Include="src\Kablunk\Renderer\Shader.cpp">
      <Filter>Source Files\Kablunk\Renderer</Filter>
    </ClCompile>
    <ClCompile Include="src\Kablunk\Renderer\VertexArray.cpp">
      <Filter>Source Files\Kablunk\Renderer</Filter>
    </ClCompile>
    <ClCompile Include="src\Kablunk\Imgui\ImGuiBuild.cpp">
      <Filter>Source Files\Kablunk\Imgui</Filter>
    </ClCompile>
    <ClCompile Include="src\Kablunk\Imgui\ImGuiLayer.cpp">
      <Filter>Source Files\Kablunk\Imgui</Filter>
    </ClCompile>
    <ClCompile Include="src\Kablunk\Core\Application.cpp">
      <Filter>Source Files\Kablunk\Core</Filter>
    </ClCompile>
    <ClCompile Include="src\Kablunk\Core\Layer.cpp">
      <Filter>Source Files\Kablunk\Core</Filter>
    </ClCompile>
    <ClCompile Include="src\Kablunk\Core\LayerStack.cpp">
      <Filter>Source Files\Kablunk\Core</Filter>
    </ClCompile>
    <ClCompile Include="src\Kablunk\Core\Log.cpp">
      <Filter>Source Files\Kablunk\Core</Filter>
    </ClCompile>
    <ClCompile Include="src\kablunkpch.cpp">
      <Filter>Source Files</Filter>
    </ClCompile>
    <ClCompile Include="src\Kablunk\Renderer\OrthographicCamera.cpp">
      <Filter>Source Files\Kablunk\Renderer</Filter>
    </ClCompile>
    <ClCompile Include="src\Platform\PlatformAPI.cpp">
      <Filter>Source Files\Platform</Filter>
    </ClCompile>
    <ClCompile Include="src\Platform\Windows\WindowsTimer.cpp">
      <Filter>Source Files\Platform\Windows</Filter>
    </ClCompile>
    <ClCompile Include="src\Platform\OpenGL\OpenGLTimer.cpp">
      <Filter>Source Files\Platform\OpenGL</Filter>
    </ClCompile>
    <ClCompile Include="src\Kablunk\Renderer\Texture.cpp">
      <Filter>Source Files\Kablunk\Renderer</Filter>
    </ClCompile>
    <ClCompile Include="src\Platform\OpenGL\OpenGLTexture.cpp">
      <Filter>Source Files\Platform\OpenGL</Filter>
    </ClCompile>
    <ClCompile Include="vendor\stb_image\stb_image.cpp">
      <Filter>vendor\stb_image</Filter>
    </ClCompile>
    <ClCompile Include="src\Kablunk\Core\OrthographicCameraController.cpp">
      <Filter>Source Files\Kablunk\Core</Filter>
    </ClCompile>
    <ClCompile Include="src\Kablunk\Renderer\Renderer2D.cpp">
      <Filter>Source Files</Filter>
    </ClCompile>
    <ClCompile Include="src\Kablunk\Renderer\Framebuffer.cpp">
      <Filter>Source Files</Filter>
    </ClCompile>
    <ClCompile Include="src\Platform\OpenGL\OpenGLFramebuffer.cpp">
      <Filter>Source Files</Filter>
    </ClCompile>
    <ClCompile Include="src\Kablunk\Scene\Scene.cpp">
      <Filter>Source Files</Filter>
    </ClCompile>
  </ItemGroup>
  <ItemGroup>
    <ClInclude Include="src\Platform\Windows\WindowsWindow.h">
      <Filter>Source Files\Platform\Windows</Filter>
    </ClInclude>
    <ClInclude Include="src\Platform\OpenGL\OpenGLBuffer.h">
      <Filter>Source Files\Platform\OpenGL</Filter>
    </ClInclude>
    <ClInclude Include="src\Platform\OpenGL\OpenGLContext.h">
      <Filter>Source Files\Platform\OpenGL</Filter>
    </ClInclude>
    <ClInclude Include="src\Platform\OpenGL\OpenGLRendererAPI.h">
      <Filter>Source Files\Platform\OpenGL</Filter>
    </ClInclude>
    <ClInclude Include="src\Platform\OpenGL\OpenGLShader.h">
      <Filter>Source Files\Platform\OpenGL</Filter>
    </ClInclude>
    <ClInclude Include="src\Platform\OpenGL\OpenGLVertexArray.h">
      <Filter>Source Files\Platform\OpenGL</Filter>
    </ClInclude>
    <ClInclude Include="src\Kablunk\Renderer\Buffer.h">
      <Filter>Source Files\Kablunk\Renderer</Filter>
    </ClInclude>
    <ClInclude Include="src\Kablunk\Renderer\GraphicsContext.h">
      <Filter>Source Files\Kablunk\Renderer</Filter>
    </ClInclude>
    <ClInclude Include="src\Kablunk\Renderer\RenderCommand.h">
      <Filter>Source Files\Kablunk\Renderer</Filter>
    </ClInclude>
    <ClInclude Include="src\Kablunk\Renderer\Renderer.h">
      <Filter>Source Files\Kablunk\Renderer</Filter>
    </ClInclude>
    <ClInclude Include="src\Kablunk\Renderer\RendererAPI.h">
      <Filter>Source Files\Kablunk\Renderer</Filter>
    </ClInclude>
    <ClInclude Include="src\Kablunk\Renderer\Shader.h">
      <Filter>Source Files\Kablunk\Renderer</Filter>
    </ClInclude>
    <ClInclude Include="src\Kablunk\Renderer\VertexArray.h">
      <Filter>Source Files\Kablunk\Renderer</Filter>
    </ClInclude>
    <ClInclude Include="src\Kablunk\Events\ApplicationEvent.h">
      <Filter>Source Files\Kablunk\Events</Filter>
    </ClInclude>
    <ClInclude Include="src\Kablunk\Events\Event.h">
      <Filter>Source Files\Kablunk\Events</Filter>
    </ClInclude>
    <ClInclude Include="src\Kablunk\Events\KeyEvent.h">
      <Filter>Source Files\Kablunk\Events</Filter>
    </ClInclude>
    <ClInclude Include="src\Kablunk\Events\MouseEvent.h">
      <Filter>Source Files\Kablunk\Events</Filter>
    </ClInclude>
    <ClInclude Include="src\Kablunk\Imgui\ImGuiBuildConfig.h">
      <Filter>Source Files\Kablunk\Imgui</Filter>
    </ClInclude>
    <ClInclude Include="src\Kablunk\Imgui\ImGuiLayer.h">
      <Filter>Source Files\Kablunk\Imgui</Filter>
    </ClInclude>
    <ClInclude Include="src\Kablunk\Core\Application.h">
      <Filter>Source Files\Kablunk\Core</Filter>
    </ClInclude>
    <ClInclude Include="src\Kablunk\Core\Core.h">
      <Filter>Source Files\Kablunk\Core</Filter>
    </ClInclude>
    <ClInclude Include="src\Kablunk\Core\EntryPoint.h">
      <Filter>Source Files\Kablunk\Core</Filter>
    </ClInclude>
    <ClInclude Include="src\Kablunk\Core\Input.h">
      <Filter>Source Files\Kablunk\Core</Filter>
    </ClInclude>
    <ClInclude Include="src\Kablunk\Core\KeyCodes.h">
      <Filter>Source Files\Kablunk\Core</Filter>
    </ClInclude>
    <ClInclude Include="src\Kablunk\Core\Layer.h">
      <Filter>Source Files\Kablunk\Core</Filter>
    </ClInclude>
    <ClInclude Include="src\Kablunk\Core\LayerStack.h">
      <Filter>Source Files\Kablunk\Core</Filter>
    </ClInclude>
    <ClInclude Include="src\Kablunk\Core\Log.h">
      <Filter>Source Files\Kablunk\Core</Filter>
    </ClInclude>
    <ClInclude Include="src\Kablunk\Core\MouseCodes.h">
      <Filter>Source Files\Kablunk\Core</Filter>
    </ClInclude>
    <ClInclude Include="src\Kablunk\Core\Window.h">
      <Filter>Source Files\Kablunk\Core</Filter>
    </ClInclude>
    <ClInclude Include="src\Kablunk.h">
      <Filter>Source Files</Filter>
    </ClInclude>
    <ClInclude Include="src\kablunkpch.h">
      <Filter>Source Files</Filter>
    </ClInclude>
    <ClInclude Include="src\Kablunk\Renderer\OrthographicCamera.h">
      <Filter>Source Files\Kablunk\Renderer</Filter>
    </ClInclude>
    <ClInclude Include="src\Kablunk\Core\Timestep.h">
      <Filter>Source Files\Kablunk\Core</Filter>
    </ClInclude>
    <ClInclude Include="src\Platform\PlatformAPI.h">
      <Filter>Source Files\Platform</Filter>
    </ClInclude>
    <ClInclude Include="src\Platform\Windows\WindowsTimer.h">
      <Filter>Source Files\Platform\Windows</Filter>
    </ClInclude>
    <ClInclude Include="src\Platform\OpenGL\OpenGLTimer.h">
      <Filter>Source Files\Platform\OpenGL</Filter>
    </ClInclude>
    <ClInclude Include="src\Kablunk\Renderer\Texture.h">
      <Filter>Source Files\Kablunk\Renderer</Filter>
    </ClInclude>
    <ClInclude Include="src\Platform\OpenGL\OpenGLTexture.h">
      <Filter>Source Files\Platform\OpenGL</Filter>
    </ClInclude>
    <ClInclude Include="vendor\stb_image\stb_image.h">
      <Filter>vendor\stb_image</Filter>
    </ClInclude>
    <ClInclude Include="src\Kablunk\Core\OrthographicCameraController.h">
      <Filter>Source Files\Kablunk\Core</Filter>
    </ClInclude>
    <ClInclude Include="src\Kablunk\Renderer\Renderer2D.h" />
    <ClInclude Include="src\Kablunk\Core\Timing.h" />
    <ClInclude Include="src\Kablunk\Debug\Instrumentor.h" />
    <ClInclude Include="src\Kablunk\Renderer\Framebuffer.h" />
    <ClInclude Include="src\Platform\OpenGL\OpenGLFramebuffer.h" />
    <ClInclude Include="src\Kablunk\Scene\Scene.h" />
    <ClInclude Include="src\Kablunk\Scene\Components.h" />
    <ClInclude Include="src\Kablunk\Scene\Entity.h" />
    <ClInclude Include="src\Kablunk\Scene\ScriptableEntity.h" />
    <ClInclude Include="src\Kablunk\Renderer\Camera.h" />
  </ItemGroup>
</Project>